
Microsoft Visual Studio Solution File, Format Version 12.00
# Visual Studio Version 16
VisualStudioVersion = 16.0.29020.237
MinimumVisualStudioVersion = 10.0.40219.1
Project("{9A19103F-16F7-4668-BE54-9A1E7A4F7556}") = "Wide.World.Importers.Domain", "src\Wide.World.Importers.Domain\Wide.World.Importers.Domain.csproj", "{554AD327-6DBA-4F8F-96F8-81CE7A0C863F}"
EndProject
Project("{9A19103F-16F7-4668-BE54-9A1E7A4F7556}") = "Wide.World.Importers.Application", "src\Wide.World.Importers.Application\Wide.World.Importers.Application.csproj", "{1A94A50E-06DC-43C1-80B5-B662820EC3EB}"
EndProject
Project("{9A19103F-16F7-4668-BE54-9A1E7A4F7556}") = "Wide.World.Importers.EntityFrameworkCore", "src\Wide.World.Importers.EntityFrameworkCore\Wide.World.Importers.EntityFrameworkCore.csproj", "{C956DD76-69C8-4A9C-83EA-D17DF83340FD}"
EndProject
Project("{2150E333-8FDC-42A3-9474-1A3956D46DE8}") = "src", "src", "{CA9AC87F-097E-4F15-8393-4BC07735A5B0}"
EndProject
Project("{2150E333-8FDC-42A3-9474-1A3956D46DE8}") = "test", "test", "{04DBDB01-70F4-4E06-B468-8F87850B22BE}"
EndProject
Project("{9A19103F-16F7-4668-BE54-9A1E7A4F7556}") = "Wide.World.Importers.Application.Tests", "test\Wide.World.Importers.Application.Tests\Wide.World.Importers.Application.Tests.csproj", "{50B2631D-129C-47B3-A587-029CCD6099BC}"
EndProject
Project("{9A19103F-16F7-4668-BE54-9A1E7A4F7556}") = "Wide.World.Importers.EntityFrameworkCore.DbMigrations", "src\Wide.World.Importers.EntityFrameworkCore.DbMigrations\Wide.World.Importers.EntityFrameworkCore.DbMigrations.csproj", "{0372FA84-C517-4EB3-9A9F-B9ACAC0CA5E0}"
EndProject
Project("{9A19103F-16F7-4668-BE54-9A1E7A4F7556}") = "Wide.World.Importers.Domain.Shared", "src\Wide.World.Importers.Domain.Shared\Wide.World.Importers.Domain.Shared.csproj", "{42F719ED-8413-4895-B5B4-5AB56079BC66}"
EndProject
Project("{9A19103F-16F7-4668-BE54-9A1E7A4F7556}") = "Wide.World.Importers.Application.Contracts", "src\Wide.World.Importers.Application.Contracts\Wide.World.Importers.Application.Contracts.csproj", "{520659C8-C734-4298-A3DA-B539DB9DFC0B}"
EndProject
Project("{9A19103F-16F7-4668-BE54-9A1E7A4F7556}") = "Wide.World.Importers.HttpApi", "src\Wide.World.Importers.HttpApi\Wide.World.Importers.HttpApi.csproj", "{4164BDF7-F527-4E85-9CE6-E3C2D7426A27}"
EndProject
Project("{9A19103F-16F7-4668-BE54-9A1E7A4F7556}") = "Wide.World.Importers.HttpApi.Client", "src\Wide.World.Importers.HttpApi.Client\Wide.World.Importers.HttpApi.Client.csproj", "{3B5A0094-670D-4BB1-BFDD-61B88A8773DC}"
EndProject
Project("{9A19103F-16F7-4668-BE54-9A1E7A4F7556}") = "Wide.World.Importers.IdentityServer", "src\Wide.World.Importers.IdentityServer\Wide.World.Importers.IdentityServer.csproj", "{073C361E-B8F4-49F5-93CC-72A3FF49C026}"
EndProject
Project("{9A19103F-16F7-4668-BE54-9A1E7A4F7556}") = "Wide.World.Importers.HttpApi.Host", "src\Wide.World.Importers.HttpApi.Host\Wide.World.Importers.HttpApi.Host.csproj", "{E6D5BF0E-DE92-4D82-A352-EF04B37CB11C}"
EndProject
Project("{9A19103F-16F7-4668-BE54-9A1E7A4F7556}") = "Wide.World.Importers.EntityFrameworkCore.Tests", "test\Wide.World.Importers.EntityFrameworkCore.Tests\Wide.World.Importers.EntityFrameworkCore.Tests.csproj", "{1FE30EB9-74A9-47F5-A9F6-7B1FAB672D81}"
EndProject
Project("{9A19103F-16F7-4668-BE54-9A1E7A4F7556}") = "Wide.World.Importers.TestBase", "test\Wide.World.Importers.TestBase\Wide.World.Importers.TestBase.csproj", "{91853F21-9CD9-4132-BC29-A7D5D84FFFE7}"
EndProject
Project("{9A19103F-16F7-4668-BE54-9A1E7A4F7556}") = "Wide.World.Importers.Domain.Tests", "test\Wide.World.Importers.Domain.Tests\Wide.World.Importers.Domain.Tests.csproj", "{E512F4D9-9375-480F-A2F6-A46509F9D824}"
EndProject
Project("{9A19103F-16F7-4668-BE54-9A1E7A4F7556}") = "Wide.World.Importers.HttpApi.Client.ConsoleTestApp", "test\Wide.World.Importers.HttpApi.Client.ConsoleTestApp\Wide.World.Importers.HttpApi.Client.ConsoleTestApp.csproj", "{EF480016-9127-4916-8735-D2466BDBC582}"
EndProject
Project("{9A19103F-16F7-4668-BE54-9A1E7A4F7556}") = "Wide.World.Importers.DbMigrator", "src\Wide.World.Importers.DbMigrator\Wide.World.Importers.DbMigrator.csproj", "{AA94D832-1CCC-4715-95A9-A483F23A1A5D}"
EndProject
Project("{2150E333-8FDC-42A3-9474-1A3956D46DE8}") = "modules", "modules", "{2BEE3738-4576-42FF-B82B-B554B849531C}"
EndProject
Project("{2150E333-8FDC-42A3-9474-1A3956D46DE8}") = "framework", "framework", "{F454BF29-6292-4700-8898-45972DCDAD1E}"
EndProject
Project("{2150E333-8FDC-42A3-9474-1A3956D46DE8}") = "sales", "sales", "{5474D883-D924-4E9D-8DDC-FB6481A950C5}"
EndProject
Project("{2150E333-8FDC-42A3-9474-1A3956D46DE8}") = "warehouse", "warehouse", "{8DDD7FE3-356E-4A71-9C05-5A8F39F7E0E4}"
EndProject
Project("{2150E333-8FDC-42A3-9474-1A3956D46DE8}") = "purchasing", "purchasing", "{5F904CF3-CE40-45B3-9BEF-0307975FAB22}"
EndProject
Project("{9A19103F-16F7-4668-BE54-9A1E7A4F7556}") = "Wide.World.Importers.Warehouse.Application", "..\modules\warehouse\src\Wide.World.Importers.Warehouse.Application\Wide.World.Importers.Warehouse.Application.csproj", "{85F0CBEB-67B7-40CD-9F72-4249A2DD9BAC}"
EndProject
Project("{9A19103F-16F7-4668-BE54-9A1E7A4F7556}") = "Wide.World.Importers.Sales.Application", "..\modules\sales\src\Wide.World.Importers.Sales.Application\Wide.World.Importers.Sales.Application.csproj", "{6EAD331A-B736-4307-85E7-6D321F61D16A}"
EndProject
Project("{9A19103F-16F7-4668-BE54-9A1E7A4F7556}") = "Wide.World.Importers.Sales.Domain", "..\modules\sales\src\Wide.World.Importers.Sales.Domain\Wide.World.Importers.Sales.Domain.csproj", "{127B68B2-FC7C-4C60-B625-778E623B4CD6}"
EndProject
Project("{9A19103F-16F7-4668-BE54-9A1E7A4F7556}") = "Wide.World.Importers.Sales.EntityFrameworkCore", "..\modules\sales\src\Wide.World.Importers.Sales.EntityFrameworkCore\Wide.World.Importers.Sales.EntityFrameworkCore.csproj", "{262A4DE4-5B38-426E-B6A3-4C9A49D81A8C}"
EndProject
Project("{9A19103F-16F7-4668-BE54-9A1E7A4F7556}") = "Wide.World.Importers.Sales.HttpApi", "..\modules\sales\src\Wide.World.Importers.Sales.HttpApi\Wide.World.Importers.Sales.HttpApi.csproj", "{9842A945-A9B8-470E-A880-20B15286C18F}"
EndProject
Project("{9A19103F-16F7-4668-BE54-9A1E7A4F7556}") = "Wide.World.Importers.Warehouse.Domain", "..\modules\warehouse\src\Wide.World.Importers.Warehouse.Domain\Wide.World.Importers.Warehouse.Domain.csproj", "{0E38F29F-A7AD-4B69-BD71-5C499DFD6BB3}"
EndProject
Project("{9A19103F-16F7-4668-BE54-9A1E7A4F7556}") = "Wide.World.Importers.Warehouse.Application.Contracts", "..\modules\warehouse\src\Wide.World.Importers.Warehouse.Application.Contracts\Wide.World.Importers.Warehouse.Application.Contracts.csproj", "{6B93AB6C-3E21-4A8B-992C-91571313936F}"
EndProject
Project("{9A19103F-16F7-4668-BE54-9A1E7A4F7556}") = "Wide.World.Importers.Warehouse.Domain.Shared", "..\modules\warehouse\src\Wide.World.Importers.Warehouse.Domain.Shared\Wide.World.Importers.Warehouse.Domain.Shared.csproj", "{7B097F61-DA85-4ADF-BDBF-4B9B335EA0EF}"
EndProject
Project("{9A19103F-16F7-4668-BE54-9A1E7A4F7556}") = "Wide.World.Importers.Sales.Application.Contracts", "..\modules\sales\src\Wide.World.Importers.Sales.Application.Contracts\Wide.World.Importers.Sales.Application.Contracts.csproj", "{2924B3AE-7D17-4C2C-8DD8-F7D6F9C92049}"
EndProject
Project("{9A19103F-16F7-4668-BE54-9A1E7A4F7556}") = "Wide.World.Importers.Sales.Domain.Shared", "..\modules\sales\src\Wide.World.Importers.Sales.Domain.Shared\Wide.World.Importers.Sales.Domain.Shared.csproj", "{CF4437ED-0425-473D-B91D-FCCAA3CF0311}"
EndProject
Project("{9A19103F-16F7-4668-BE54-9A1E7A4F7556}") = "Wide.World.Importers.Warehouse.HttpApi", "..\modules\warehouse\src\Wide.World.Importers.Warehouse.HttpApi\Wide.World.Importers.Warehouse.HttpApi.csproj", "{E5FD1EEF-8B53-4D53-864D-1003204648CB}"
EndProject
Project("{9A19103F-16F7-4668-BE54-9A1E7A4F7556}") = "Wide.World.Importers.Warehouse.MongoDB", "..\modules\warehouse\src\Wide.World.Importers.Warehouse.MongoDB\Wide.World.Importers.Warehouse.MongoDB.csproj", "{4A1AA8A3-D1FA-4B11-BE3C-C21C9320561C}"
EndProject
Project("{9A19103F-16F7-4668-BE54-9A1E7A4F7556}") = "Wide.World.Importers.Purchasing.Application", "..\modules\purchasing\src\Wide.World.Importers.Purchasing.Application\Wide.World.Importers.Purchasing.Application.csproj", "{054B101B-4A49-4B1B-98D4-97FF079DC3EF}"
EndProject
Project("{9A19103F-16F7-4668-BE54-9A1E7A4F7556}") = "Wide.World.Importers.Purchasing.Application.Contracts", "..\modules\purchasing\src\Wide.World.Importers.Purchasing.Application.Contracts\Wide.World.Importers.Purchasing.Application.Contracts.csproj", "{8FB617E8-4A08-45F7-B86B-F937878CB7BF}"
EndProject
Project("{9A19103F-16F7-4668-BE54-9A1E7A4F7556}") = "Wide.World.Importers.Purchasing.Domain", "..\modules\purchasing\src\Wide.World.Importers.Purchasing.Domain\Wide.World.Importers.Purchasing.Domain.csproj", "{8AE318A2-1911-4E01-AE36-26A0C9388318}"
EndProject
Project("{9A19103F-16F7-4668-BE54-9A1E7A4F7556}") = "Wide.World.Importers.Purchasing.Domain.Shared", "..\modules\purchasing\src\Wide.World.Importers.Purchasing.Domain.Shared\Wide.World.Importers.Purchasing.Domain.Shared.csproj", "{7D20CC64-8047-4575-A287-3BED8FDADE36}"
EndProject
Project("{9A19103F-16F7-4668-BE54-9A1E7A4F7556}") = "Wide.World.Importers.Purchasing.EntityFrameworkCore", "..\modules\purchasing\src\Wide.World.Importers.Purchasing.EntityFrameworkCore\Wide.World.Importers.Purchasing.EntityFrameworkCore.csproj", "{863302B2-7B5D-4D79-BEFA-8553A39B7289}"
EndProject
Project("{9A19103F-16F7-4668-BE54-9A1E7A4F7556}") = "Wide.World.Importers.Purchasing.HttpApi", "..\modules\purchasing\src\Wide.World.Importers.Purchasing.HttpApi\Wide.World.Importers.Purchasing.HttpApi.csproj", "{7DED7D95-8CD4-43BB-8B64-D4FB28971E70}"
EndProject
Project("{2150E333-8FDC-42A3-9474-1A3956D46DE8}") = "hello", "hello", "{F6C47B88-70C7-4855-ACF8-31A37385E996}"
EndProject
Project("{9A19103F-16F7-4668-BE54-9A1E7A4F7556}") = "Abp.VNext.Hello.Application", "..\..\..\Abp.VNext.Hello\src\Abp.VNext.Hello.Application\Abp.VNext.Hello.Application.csproj", "{C49A5B82-5972-4F87-AEB2-360EB1E48BAF}"
EndProject
Project("{9A19103F-16F7-4668-BE54-9A1E7A4F7556}") = "Abp.VNext.Hello.Application.Contracts", "..\..\..\Abp.VNext.Hello\src\Abp.VNext.Hello.Application.Contracts\Abp.VNext.Hello.Application.Contracts.csproj", "{D3E7440A-7F3B-4A1D-B75F-D92EA705EF19}"
EndProject
Project("{9A19103F-16F7-4668-BE54-9A1E7A4F7556}") = "Abp.VNext.Hello.Domain", "..\..\..\Abp.VNext.Hello\src\Abp.VNext.Hello.Domain\Abp.VNext.Hello.Domain.csproj", "{F1127A6A-A0A9-4816-8F8F-6CC0839431E9}"
EndProject
Project("{9A19103F-16F7-4668-BE54-9A1E7A4F7556}") = "Abp.VNext.Hello.Domain.Shared", "..\..\..\Abp.VNext.Hello\src\Abp.VNext.Hello.Domain.Shared\Abp.VNext.Hello.Domain.Shared.csproj", "{4A80E2F4-2326-422E-8A51-4EBE709D58A9}"
EndProject
Project("{9A19103F-16F7-4668-BE54-9A1E7A4F7556}") = "Abp.VNext.Hello.EntityFrameworkCore", "..\..\..\Abp.VNext.Hello\src\Abp.VNext.Hello.EntityFrameworkCore\Abp.VNext.Hello.EntityFrameworkCore.csproj", "{ED97FFE4-C0B1-407A-8609-2DA7799BC0C0}"
EndProject
Project("{9A19103F-16F7-4668-BE54-9A1E7A4F7556}") = "Abp.VNext.Hello.HttpApi", "..\..\..\Abp.VNext.Hello\src\Abp.VNext.Hello.HttpApi\Abp.VNext.Hello.HttpApi.csproj", "{A8C5E710-DF17-46C0-ADB0-63680399438E}"
EndProject
Project("{9A19103F-16F7-4668-BE54-9A1E7A4F7556}") = "Abp.VNext.Hello.Web", "..\..\..\Abp.VNext.Hello\src\Abp.VNext.Hello.Web\Abp.VNext.Hello.Web.csproj", "{04DEA21B-BA83-4140-B38D-59009397F3CF}"
EndProject
Global
	GlobalSection(SolutionConfigurationPlatforms) = preSolution
		Debug|Any CPU = Debug|Any CPU
		Release|Any CPU = Release|Any CPU
	EndGlobalSection
	GlobalSection(ProjectConfigurationPlatforms) = postSolution
		{554AD327-6DBA-4F8F-96F8-81CE7A0C863F}.Debug|Any CPU.ActiveCfg = Debug|Any CPU
		{554AD327-6DBA-4F8F-96F8-81CE7A0C863F}.Debug|Any CPU.Build.0 = Debug|Any CPU
		{554AD327-6DBA-4F8F-96F8-81CE7A0C863F}.Release|Any CPU.ActiveCfg = Release|Any CPU
		{554AD327-6DBA-4F8F-96F8-81CE7A0C863F}.Release|Any CPU.Build.0 = Release|Any CPU
		{1A94A50E-06DC-43C1-80B5-B662820EC3EB}.Debug|Any CPU.ActiveCfg = Debug|Any CPU
		{1A94A50E-06DC-43C1-80B5-B662820EC3EB}.Debug|Any CPU.Build.0 = Debug|Any CPU
		{1A94A50E-06DC-43C1-80B5-B662820EC3EB}.Release|Any CPU.ActiveCfg = Release|Any CPU
		{1A94A50E-06DC-43C1-80B5-B662820EC3EB}.Release|Any CPU.Build.0 = Release|Any CPU
		{C956DD76-69C8-4A9C-83EA-D17DF83340FD}.Debug|Any CPU.ActiveCfg = Debug|Any CPU
		{C956DD76-69C8-4A9C-83EA-D17DF83340FD}.Debug|Any CPU.Build.0 = Debug|Any CPU
		{C956DD76-69C8-4A9C-83EA-D17DF83340FD}.Release|Any CPU.ActiveCfg = Release|Any CPU
		{C956DD76-69C8-4A9C-83EA-D17DF83340FD}.Release|Any CPU.Build.0 = Release|Any CPU
		{50B2631D-129C-47B3-A587-029CCD6099BC}.Debug|Any CPU.ActiveCfg = Debug|Any CPU
		{50B2631D-129C-47B3-A587-029CCD6099BC}.Debug|Any CPU.Build.0 = Debug|Any CPU
		{50B2631D-129C-47B3-A587-029CCD6099BC}.Release|Any CPU.ActiveCfg = Release|Any CPU
		{50B2631D-129C-47B3-A587-029CCD6099BC}.Release|Any CPU.Build.0 = Release|Any CPU
		{0372FA84-C517-4EB3-9A9F-B9ACAC0CA5E0}.Debug|Any CPU.ActiveCfg = Debug|Any CPU
		{0372FA84-C517-4EB3-9A9F-B9ACAC0CA5E0}.Debug|Any CPU.Build.0 = Debug|Any CPU
		{0372FA84-C517-4EB3-9A9F-B9ACAC0CA5E0}.Release|Any CPU.ActiveCfg = Release|Any CPU
		{0372FA84-C517-4EB3-9A9F-B9ACAC0CA5E0}.Release|Any CPU.Build.0 = Release|Any CPU
		{42F719ED-8413-4895-B5B4-5AB56079BC66}.Debug|Any CPU.ActiveCfg = Debug|Any CPU
		{42F719ED-8413-4895-B5B4-5AB56079BC66}.Debug|Any CPU.Build.0 = Debug|Any CPU
		{42F719ED-8413-4895-B5B4-5AB56079BC66}.Release|Any CPU.ActiveCfg = Release|Any CPU
		{42F719ED-8413-4895-B5B4-5AB56079BC66}.Release|Any CPU.Build.0 = Release|Any CPU
		{520659C8-C734-4298-A3DA-B539DB9DFC0B}.Debug|Any CPU.ActiveCfg = Debug|Any CPU
		{520659C8-C734-4298-A3DA-B539DB9DFC0B}.Debug|Any CPU.Build.0 = Debug|Any CPU
		{520659C8-C734-4298-A3DA-B539DB9DFC0B}.Release|Any CPU.ActiveCfg = Release|Any CPU
		{520659C8-C734-4298-A3DA-B539DB9DFC0B}.Release|Any CPU.Build.0 = Release|Any CPU
		{4164BDF7-F527-4E85-9CE6-E3C2D7426A27}.Debug|Any CPU.ActiveCfg = Debug|Any CPU
		{4164BDF7-F527-4E85-9CE6-E3C2D7426A27}.Debug|Any CPU.Build.0 = Debug|Any CPU
		{4164BDF7-F527-4E85-9CE6-E3C2D7426A27}.Release|Any CPU.ActiveCfg = Release|Any CPU
		{4164BDF7-F527-4E85-9CE6-E3C2D7426A27}.Release|Any CPU.Build.0 = Release|Any CPU
		{3B5A0094-670D-4BB1-BFDD-61B88A8773DC}.Debug|Any CPU.ActiveCfg = Debug|Any CPU
		{3B5A0094-670D-4BB1-BFDD-61B88A8773DC}.Debug|Any CPU.Build.0 = Debug|Any CPU
		{3B5A0094-670D-4BB1-BFDD-61B88A8773DC}.Release|Any CPU.ActiveCfg = Release|Any CPU
		{3B5A0094-670D-4BB1-BFDD-61B88A8773DC}.Release|Any CPU.Build.0 = Release|Any CPU
		{073C361E-B8F4-49F5-93CC-72A3FF49C026}.Debug|Any CPU.ActiveCfg = Debug|Any CPU
		{073C361E-B8F4-49F5-93CC-72A3FF49C026}.Debug|Any CPU.Build.0 = Debug|Any CPU
		{073C361E-B8F4-49F5-93CC-72A3FF49C026}.Release|Any CPU.ActiveCfg = Release|Any CPU
		{073C361E-B8F4-49F5-93CC-72A3FF49C026}.Release|Any CPU.Build.0 = Release|Any CPU
		{E6D5BF0E-DE92-4D82-A352-EF04B37CB11C}.Debug|Any CPU.ActiveCfg = Debug|Any CPU
		{E6D5BF0E-DE92-4D82-A352-EF04B37CB11C}.Debug|Any CPU.Build.0 = Debug|Any CPU
		{E6D5BF0E-DE92-4D82-A352-EF04B37CB11C}.Release|Any CPU.ActiveCfg = Release|Any CPU
		{E6D5BF0E-DE92-4D82-A352-EF04B37CB11C}.Release|Any CPU.Build.0 = Release|Any CPU
		{1FE30EB9-74A9-47F5-A9F6-7B1FAB672D81}.Debug|Any CPU.ActiveCfg = Debug|Any CPU
		{1FE30EB9-74A9-47F5-A9F6-7B1FAB672D81}.Debug|Any CPU.Build.0 = Debug|Any CPU
		{1FE30EB9-74A9-47F5-A9F6-7B1FAB672D81}.Release|Any CPU.ActiveCfg = Release|Any CPU
		{1FE30EB9-74A9-47F5-A9F6-7B1FAB672D81}.Release|Any CPU.Build.0 = Release|Any CPU
		{91853F21-9CD9-4132-BC29-A7D5D84FFFE7}.Debug|Any CPU.ActiveCfg = Debug|Any CPU
		{91853F21-9CD9-4132-BC29-A7D5D84FFFE7}.Debug|Any CPU.Build.0 = Debug|Any CPU
		{91853F21-9CD9-4132-BC29-A7D5D84FFFE7}.Release|Any CPU.ActiveCfg = Release|Any CPU
		{91853F21-9CD9-4132-BC29-A7D5D84FFFE7}.Release|Any CPU.Build.0 = Release|Any CPU
		{E512F4D9-9375-480F-A2F6-A46509F9D824}.Debug|Any CPU.ActiveCfg = Debug|Any CPU
		{E512F4D9-9375-480F-A2F6-A46509F9D824}.Debug|Any CPU.Build.0 = Debug|Any CPU
		{E512F4D9-9375-480F-A2F6-A46509F9D824}.Release|Any CPU.ActiveCfg = Release|Any CPU
		{E512F4D9-9375-480F-A2F6-A46509F9D824}.Release|Any CPU.Build.0 = Release|Any CPU
		{EF480016-9127-4916-8735-D2466BDBC582}.Debug|Any CPU.ActiveCfg = Debug|Any CPU
		{EF480016-9127-4916-8735-D2466BDBC582}.Debug|Any CPU.Build.0 = Debug|Any CPU
		{EF480016-9127-4916-8735-D2466BDBC582}.Release|Any CPU.ActiveCfg = Release|Any CPU
		{EF480016-9127-4916-8735-D2466BDBC582}.Release|Any CPU.Build.0 = Release|Any CPU
		{AA94D832-1CCC-4715-95A9-A483F23A1A5D}.Debug|Any CPU.ActiveCfg = Debug|Any CPU
		{AA94D832-1CCC-4715-95A9-A483F23A1A5D}.Debug|Any CPU.Build.0 = Debug|Any CPU
		{AA94D832-1CCC-4715-95A9-A483F23A1A5D}.Release|Any CPU.ActiveCfg = Release|Any CPU
		{AA94D832-1CCC-4715-95A9-A483F23A1A5D}.Release|Any CPU.Build.0 = Release|Any CPU
		{85F0CBEB-67B7-40CD-9F72-4249A2DD9BAC}.Debug|Any CPU.ActiveCfg = Debug|Any CPU
		{85F0CBEB-67B7-40CD-9F72-4249A2DD9BAC}.Debug|Any CPU.Build.0 = Debug|Any CPU
		{85F0CBEB-67B7-40CD-9F72-4249A2DD9BAC}.Release|Any CPU.ActiveCfg = Release|Any CPU
		{85F0CBEB-67B7-40CD-9F72-4249A2DD9BAC}.Release|Any CPU.Build.0 = Release|Any CPU
		{6EAD331A-B736-4307-85E7-6D321F61D16A}.Debug|Any CPU.ActiveCfg = Debug|Any CPU
		{6EAD331A-B736-4307-85E7-6D321F61D16A}.Debug|Any CPU.Build.0 = Debug|Any CPU
		{6EAD331A-B736-4307-85E7-6D321F61D16A}.Release|Any CPU.ActiveCfg = Release|Any CPU
		{6EAD331A-B736-4307-85E7-6D321F61D16A}.Release|Any CPU.Build.0 = Release|Any CPU
		{127B68B2-FC7C-4C60-B625-778E623B4CD6}.Debug|Any CPU.ActiveCfg = Debug|Any CPU
		{127B68B2-FC7C-4C60-B625-778E623B4CD6}.Debug|Any CPU.Build.0 = Debug|Any CPU
		{127B68B2-FC7C-4C60-B625-778E623B4CD6}.Release|Any CPU.ActiveCfg = Release|Any CPU
		{127B68B2-FC7C-4C60-B625-778E623B4CD6}.Release|Any CPU.Build.0 = Release|Any CPU
		{262A4DE4-5B38-426E-B6A3-4C9A49D81A8C}.Debug|Any CPU.ActiveCfg = Debug|Any CPU
		{262A4DE4-5B38-426E-B6A3-4C9A49D81A8C}.Debug|Any CPU.Build.0 = Debug|Any CPU
		{262A4DE4-5B38-426E-B6A3-4C9A49D81A8C}.Release|Any CPU.ActiveCfg = Release|Any CPU
		{262A4DE4-5B38-426E-B6A3-4C9A49D81A8C}.Release|Any CPU.Build.0 = Release|Any CPU
		{9842A945-A9B8-470E-A880-20B15286C18F}.Debug|Any CPU.ActiveCfg = Debug|Any CPU
		{9842A945-A9B8-470E-A880-20B15286C18F}.Debug|Any CPU.Build.0 = Debug|Any CPU
		{9842A945-A9B8-470E-A880-20B15286C18F}.Release|Any CPU.ActiveCfg = Release|Any CPU
		{9842A945-A9B8-470E-A880-20B15286C18F}.Release|Any CPU.Build.0 = Release|Any CPU
		{0E38F29F-A7AD-4B69-BD71-5C499DFD6BB3}.Debug|Any CPU.ActiveCfg = Debug|Any CPU
		{0E38F29F-A7AD-4B69-BD71-5C499DFD6BB3}.Debug|Any CPU.Build.0 = Debug|Any CPU
		{0E38F29F-A7AD-4B69-BD71-5C499DFD6BB3}.Release|Any CPU.ActiveCfg = Release|Any CPU
		{0E38F29F-A7AD-4B69-BD71-5C499DFD6BB3}.Release|Any CPU.Build.0 = Release|Any CPU
		{6B93AB6C-3E21-4A8B-992C-91571313936F}.Debug|Any CPU.ActiveCfg = Debug|Any CPU
		{6B93AB6C-3E21-4A8B-992C-91571313936F}.Debug|Any CPU.Build.0 = Debug|Any CPU
		{6B93AB6C-3E21-4A8B-992C-91571313936F}.Release|Any CPU.ActiveCfg = Release|Any CPU
		{6B93AB6C-3E21-4A8B-992C-91571313936F}.Release|Any CPU.Build.0 = Release|Any CPU
		{7B097F61-DA85-4ADF-BDBF-4B9B335EA0EF}.Debug|Any CPU.ActiveCfg = Debug|Any CPU
		{7B097F61-DA85-4ADF-BDBF-4B9B335EA0EF}.Debug|Any CPU.Build.0 = Debug|Any CPU
		{7B097F61-DA85-4ADF-BDBF-4B9B335EA0EF}.Release|Any CPU.ActiveCfg = Release|Any CPU
		{7B097F61-DA85-4ADF-BDBF-4B9B335EA0EF}.Release|Any CPU.Build.0 = Release|Any CPU
		{2924B3AE-7D17-4C2C-8DD8-F7D6F9C92049}.Debug|Any CPU.ActiveCfg = Debug|Any CPU
		{2924B3AE-7D17-4C2C-8DD8-F7D6F9C92049}.Debug|Any CPU.Build.0 = Debug|Any CPU
		{2924B3AE-7D17-4C2C-8DD8-F7D6F9C92049}.Release|Any CPU.ActiveCfg = Release|Any CPU
		{2924B3AE-7D17-4C2C-8DD8-F7D6F9C92049}.Release|Any CPU.Build.0 = Release|Any CPU
		{CF4437ED-0425-473D-B91D-FCCAA3CF0311}.Debug|Any CPU.ActiveCfg = Debug|Any CPU
		{CF4437ED-0425-473D-B91D-FCCAA3CF0311}.Debug|Any CPU.Build.0 = Debug|Any CPU
		{CF4437ED-0425-473D-B91D-FCCAA3CF0311}.Release|Any CPU.ActiveCfg = Release|Any CPU
		{CF4437ED-0425-473D-B91D-FCCAA3CF0311}.Release|Any CPU.Build.0 = Release|Any CPU
		{E5FD1EEF-8B53-4D53-864D-1003204648CB}.Debug|Any CPU.ActiveCfg = Debug|Any CPU
		{E5FD1EEF-8B53-4D53-864D-1003204648CB}.Debug|Any CPU.Build.0 = Debug|Any CPU
		{E5FD1EEF-8B53-4D53-864D-1003204648CB}.Release|Any CPU.ActiveCfg = Release|Any CPU
		{E5FD1EEF-8B53-4D53-864D-1003204648CB}.Release|Any CPU.Build.0 = Release|Any CPU
		{4A1AA8A3-D1FA-4B11-BE3C-C21C9320561C}.Debug|Any CPU.ActiveCfg = Debug|Any CPU
		{4A1AA8A3-D1FA-4B11-BE3C-C21C9320561C}.Debug|Any CPU.Build.0 = Debug|Any CPU
		{4A1AA8A3-D1FA-4B11-BE3C-C21C9320561C}.Release|Any CPU.ActiveCfg = Release|Any CPU
		{4A1AA8A3-D1FA-4B11-BE3C-C21C9320561C}.Release|Any CPU.Build.0 = Release|Any CPU
		{054B101B-4A49-4B1B-98D4-97FF079DC3EF}.Debug|Any CPU.ActiveCfg = Debug|Any CPU
		{054B101B-4A49-4B1B-98D4-97FF079DC3EF}.Debug|Any CPU.Build.0 = Debug|Any CPU
		{054B101B-4A49-4B1B-98D4-97FF079DC3EF}.Release|Any CPU.ActiveCfg = Release|Any CPU
		{054B101B-4A49-4B1B-98D4-97FF079DC3EF}.Release|Any CPU.Build.0 = Release|Any CPU
		{8FB617E8-4A08-45F7-B86B-F937878CB7BF}.Debug|Any CPU.ActiveCfg = Debug|Any CPU
		{8FB617E8-4A08-45F7-B86B-F937878CB7BF}.Debug|Any CPU.Build.0 = Debug|Any CPU
		{8FB617E8-4A08-45F7-B86B-F937878CB7BF}.Release|Any CPU.ActiveCfg = Release|Any CPU
		{8FB617E8-4A08-45F7-B86B-F937878CB7BF}.Release|Any CPU.Build.0 = Release|Any CPU
		{8AE318A2-1911-4E01-AE36-26A0C9388318}.Debug|Any CPU.ActiveCfg = Debug|Any CPU
		{8AE318A2-1911-4E01-AE36-26A0C9388318}.Debug|Any CPU.Build.0 = Debug|Any CPU
		{8AE318A2-1911-4E01-AE36-26A0C9388318}.Release|Any CPU.ActiveCfg = Release|Any CPU
		{8AE318A2-1911-4E01-AE36-26A0C9388318}.Release|Any CPU.Build.0 = Release|Any CPU
		{7D20CC64-8047-4575-A287-3BED8FDADE36}.Debug|Any CPU.ActiveCfg = Debug|Any CPU
		{7D20CC64-8047-4575-A287-3BED8FDADE36}.Debug|Any CPU.Build.0 = Debug|Any CPU
		{7D20CC64-8047-4575-A287-3BED8FDADE36}.Release|Any CPU.ActiveCfg = Release|Any CPU
		{7D20CC64-8047-4575-A287-3BED8FDADE36}.Release|Any CPU.Build.0 = Release|Any CPU
		{863302B2-7B5D-4D79-BEFA-8553A39B7289}.Debug|Any CPU.ActiveCfg = Debug|Any CPU
		{863302B2-7B5D-4D79-BEFA-8553A39B7289}.Debug|Any CPU.Build.0 = Debug|Any CPU
		{863302B2-7B5D-4D79-BEFA-8553A39B7289}.Release|Any CPU.ActiveCfg = Release|Any CPU
		{863302B2-7B5D-4D79-BEFA-8553A39B7289}.Release|Any CPU.Build.0 = Release|Any CPU
		{7DED7D95-8CD4-43BB-8B64-D4FB28971E70}.Debug|Any CPU.ActiveCfg = Debug|Any CPU
		{7DED7D95-8CD4-43BB-8B64-D4FB28971E70}.Debug|Any CPU.Build.0 = Debug|Any CPU
		{7DED7D95-8CD4-43BB-8B64-D4FB28971E70}.Release|Any CPU.ActiveCfg = Release|Any CPU
		{7DED7D95-8CD4-43BB-8B64-D4FB28971E70}.Release|Any CPU.Build.0 = Release|Any CPU
		{C49A5B82-5972-4F87-AEB2-360EB1E48BAF}.Debug|Any CPU.ActiveCfg = Debug|Any CPU
		{C49A5B82-5972-4F87-AEB2-360EB1E48BAF}.Debug|Any CPU.Build.0 = Debug|Any CPU
		{C49A5B82-5972-4F87-AEB2-360EB1E48BAF}.Release|Any CPU.ActiveCfg = Release|Any CPU
		{C49A5B82-5972-4F87-AEB2-360EB1E48BAF}.Release|Any CPU.Build.0 = Release|Any CPU
		{D3E7440A-7F3B-4A1D-B75F-D92EA705EF19}.Debug|Any CPU.ActiveCfg = Debug|Any CPU
		{D3E7440A-7F3B-4A1D-B75F-D92EA705EF19}.Debug|Any CPU.Build.0 = Debug|Any CPU
		{D3E7440A-7F3B-4A1D-B75F-D92EA705EF19}.Release|Any CPU.ActiveCfg = Release|Any CPU
		{D3E7440A-7F3B-4A1D-B75F-D92EA705EF19}.Release|Any CPU.Build.0 = Release|Any CPU
		{F1127A6A-A0A9-4816-8F8F-6CC0839431E9}.Debug|Any CPU.ActiveCfg = Debug|Any CPU
		{F1127A6A-A0A9-4816-8F8F-6CC0839431E9}.Debug|Any CPU.Build.0 = Debug|Any CPU
		{F1127A6A-A0A9-4816-8F8F-6CC0839431E9}.Release|Any CPU.ActiveCfg = Release|Any CPU
		{F1127A6A-A0A9-4816-8F8F-6CC0839431E9}.Release|Any CPU.Build.0 = Release|Any CPU
		{4A80E2F4-2326-422E-8A51-4EBE709D58A9}.Debug|Any CPU.ActiveCfg = Debug|Any CPU
		{4A80E2F4-2326-422E-8A51-4EBE709D58A9}.Debug|Any CPU.Build.0 = Debug|Any CPU
		{4A80E2F4-2326-422E-8A51-4EBE709D58A9}.Release|Any CPU.ActiveCfg = Release|Any CPU
		{4A80E2F4-2326-422E-8A51-4EBE709D58A9}.Release|Any CPU.Build.0 = Release|Any CPU
		{ED97FFE4-C0B1-407A-8609-2DA7799BC0C0}.Debug|Any CPU.ActiveCfg = Debug|Any CPU
		{ED97FFE4-C0B1-407A-8609-2DA7799BC0C0}.Debug|Any CPU.Build.0 = Debug|Any CPU
		{ED97FFE4-C0B1-407A-8609-2DA7799BC0C0}.Release|Any CPU.ActiveCfg = Release|Any CPU
		{ED97FFE4-C0B1-407A-8609-2DA7799BC0C0}.Release|Any CPU.Build.0 = Release|Any CPU
		{A8C5E710-DF17-46C0-ADB0-63680399438E}.Debug|Any CPU.ActiveCfg = Debug|Any CPU
		{A8C5E710-DF17-46C0-ADB0-63680399438E}.Debug|Any CPU.Build.0 = Debug|Any CPU
		{A8C5E710-DF17-46C0-ADB0-63680399438E}.Release|Any CPU.ActiveCfg = Release|Any CPU
		{A8C5E710-DF17-46C0-ADB0-63680399438E}.Release|Any CPU.Build.0 = Release|Any CPU
		{04DEA21B-BA83-4140-B38D-59009397F3CF}.Debug|Any CPU.ActiveCfg = Debug|Any CPU
		{04DEA21B-BA83-4140-B38D-59009397F3CF}.Debug|Any CPU.Build.0 = Debug|Any CPU
		{04DEA21B-BA83-4140-B38D-59009397F3CF}.Release|Any CPU.ActiveCfg = Release|Any CPU
		{04DEA21B-BA83-4140-B38D-59009397F3CF}.Release|Any CPU.Build.0 = Release|Any CPU
	EndGlobalSection
	GlobalSection(SolutionProperties) = preSolution
		HideSolutionNode = FALSE
	EndGlobalSection
	GlobalSection(NestedProjects) = preSolution
		{554AD327-6DBA-4F8F-96F8-81CE7A0C863F} = {CA9AC87F-097E-4F15-8393-4BC07735A5B0}
		{1A94A50E-06DC-43C1-80B5-B662820EC3EB} = {CA9AC87F-097E-4F15-8393-4BC07735A5B0}
		{C956DD76-69C8-4A9C-83EA-D17DF83340FD} = {CA9AC87F-097E-4F15-8393-4BC07735A5B0}
		{50B2631D-129C-47B3-A587-029CCD6099BC} = {04DBDB01-70F4-4E06-B468-8F87850B22BE}
		{0372FA84-C517-4EB3-9A9F-B9ACAC0CA5E0} = {CA9AC87F-097E-4F15-8393-4BC07735A5B0}
		{42F719ED-8413-4895-B5B4-5AB56079BC66} = {CA9AC87F-097E-4F15-8393-4BC07735A5B0}
		{520659C8-C734-4298-A3DA-B539DB9DFC0B} = {CA9AC87F-097E-4F15-8393-4BC07735A5B0}
		{4164BDF7-F527-4E85-9CE6-E3C2D7426A27} = {CA9AC87F-097E-4F15-8393-4BC07735A5B0}
		{3B5A0094-670D-4BB1-BFDD-61B88A8773DC} = {CA9AC87F-097E-4F15-8393-4BC07735A5B0}
		{073C361E-B8F4-49F5-93CC-72A3FF49C026} = {CA9AC87F-097E-4F15-8393-4BC07735A5B0}
		{E6D5BF0E-DE92-4D82-A352-EF04B37CB11C} = {CA9AC87F-097E-4F15-8393-4BC07735A5B0}
		{1FE30EB9-74A9-47F5-A9F6-7B1FAB672D81} = {04DBDB01-70F4-4E06-B468-8F87850B22BE}
		{91853F21-9CD9-4132-BC29-A7D5D84FFFE7} = {04DBDB01-70F4-4E06-B468-8F87850B22BE}
		{E512F4D9-9375-480F-A2F6-A46509F9D824} = {04DBDB01-70F4-4E06-B468-8F87850B22BE}
		{EF480016-9127-4916-8735-D2466BDBC582} = {04DBDB01-70F4-4E06-B468-8F87850B22BE}
		{AA94D832-1CCC-4715-95A9-A483F23A1A5D} = {CA9AC87F-097E-4F15-8393-4BC07735A5B0}
		{5474D883-D924-4E9D-8DDC-FB6481A950C5} = {2BEE3738-4576-42FF-B82B-B554B849531C}
		{8DDD7FE3-356E-4A71-9C05-5A8F39F7E0E4} = {2BEE3738-4576-42FF-B82B-B554B849531C}
		{5F904CF3-CE40-45B3-9BEF-0307975FAB22} = {2BEE3738-4576-42FF-B82B-B554B849531C}
		{85F0CBEB-67B7-40CD-9F72-4249A2DD9BAC} = {8DDD7FE3-356E-4A71-9C05-5A8F39F7E0E4}
		{6EAD331A-B736-4307-85E7-6D321F61D16A} = {5474D883-D924-4E9D-8DDC-FB6481A950C5}
		{127B68B2-FC7C-4C60-B625-778E623B4CD6} = {5474D883-D924-4E9D-8DDC-FB6481A950C5}
		{262A4DE4-5B38-426E-B6A3-4C9A49D81A8C} = {5474D883-D924-4E9D-8DDC-FB6481A950C5}
		{9842A945-A9B8-470E-A880-20B15286C18F} = {5474D883-D924-4E9D-8DDC-FB6481A950C5}
		{0E38F29F-A7AD-4B69-BD71-5C499DFD6BB3} = {8DDD7FE3-356E-4A71-9C05-5A8F39F7E0E4}
		{6B93AB6C-3E21-4A8B-992C-91571313936F} = {8DDD7FE3-356E-4A71-9C05-5A8F39F7E0E4}
		{7B097F61-DA85-4ADF-BDBF-4B9B335EA0EF} = {8DDD7FE3-356E-4A71-9C05-5A8F39F7E0E4}
		{2924B3AE-7D17-4C2C-8DD8-F7D6F9C92049} = {5474D883-D924-4E9D-8DDC-FB6481A950C5}
		{CF4437ED-0425-473D-B91D-FCCAA3CF0311} = {5474D883-D924-4E9D-8DDC-FB6481A950C5}
		{E5FD1EEF-8B53-4D53-864D-1003204648CB} = {8DDD7FE3-356E-4A71-9C05-5A8F39F7E0E4}
		{4A1AA8A3-D1FA-4B11-BE3C-C21C9320561C} = {8DDD7FE3-356E-4A71-9C05-5A8F39F7E0E4}
		{054B101B-4A49-4B1B-98D4-97FF079DC3EF} = {5F904CF3-CE40-45B3-9BEF-0307975FAB22}
		{8FB617E8-4A08-45F7-B86B-F937878CB7BF} = {5F904CF3-CE40-45B3-9BEF-0307975FAB22}
		{8AE318A2-1911-4E01-AE36-26A0C9388318} = {5F904CF3-CE40-45B3-9BEF-0307975FAB22}
		{7D20CC64-8047-4575-A287-3BED8FDADE36} = {5F904CF3-CE40-45B3-9BEF-0307975FAB22}
		{863302B2-7B5D-4D79-BEFA-8553A39B7289} = {5F904CF3-CE40-45B3-9BEF-0307975FAB22}
		{7DED7D95-8CD4-43BB-8B64-D4FB28971E70} = {5F904CF3-CE40-45B3-9BEF-0307975FAB22}
		{F6C47B88-70C7-4855-ACF8-31A37385E996} = {2BEE3738-4576-42FF-B82B-B554B849531C}
		{C49A5B82-5972-4F87-AEB2-360EB1E48BAF} = {F6C47B88-70C7-4855-ACF8-31A37385E996}
		{D3E7440A-7F3B-4A1D-B75F-D92EA705EF19} = {F6C47B88-70C7-4855-ACF8-31A37385E996}
		{F1127A6A-A0A9-4816-8F8F-6CC0839431E9} = {F6C47B88-70C7-4855-ACF8-31A37385E996}
		{4A80E2F4-2326-422E-8A51-4EBE709D58A9} = {F6C47B88-70C7-4855-ACF8-31A37385E996}
		{ED97FFE4-C0B1-407A-8609-2DA7799BC0C0} = {F6C47B88-70C7-4855-ACF8-31A37385E996}
		{A8C5E710-DF17-46C0-ADB0-63680399438E} = {F6C47B88-70C7-4855-ACF8-31A37385E996}
		{04DEA21B-BA83-4140-B38D-59009397F3CF} = {F6C47B88-70C7-4855-ACF8-31A37385E996}
	EndGlobalSection
	GlobalSection(ExtensibilityGlobals) = postSolution
		SolutionGuid = {28315BFD-90E7-4E14-A2EA-F3D23AF4126F}
	EndGlobalSection
EndGlobal
